{
  "name": "@elm-land/graphql",
  "version": "0.20.0",
  "lockfileVersion": 2,
  "requires": true,
  "packages": {
    "": {
      "name": "@elm-land/graphql",
      "version": "0.20.0",
      "license": "ISC",
      "dependencies": {
        "graphql": "16.6.0"
      },
      "devDependencies": {
        "@lydell/elm": "0.19.1-12",
        "bats": "1.9.0"
      }
    },
    "node_modules/@lydell/elm": {
      "version": "0.19.1-12",
      "resolved": "https://registry.npmjs.org/@lydell/elm/-/elm-0.19.1-12.tgz",
      "integrity": "sha512-m8Gu/dJ8GcIoOJVN2QE6Km/uLmeHZIa3/VsfzIsi+jM0jHAb3ybxi9xtJXJTdn2wtMoG/y9f3kXGudJ3xMO4Wg==",
      "dev": true,
      "hasInstallScript": true,
      "bin": {
        "elm": "bin/elm"
      },
      "optionalDependencies": {
        "@lydell/elm_darwin_arm64": "0.19.1-2",
        "@lydell/elm_darwin_x64": "0.19.1-2",
        "@lydell/elm_linux_arm": "0.19.1-0",
        "@lydell/elm_linux_arm64": "0.19.1-4",
        "@lydell/elm_linux_x64": "0.19.1-1",
        "@lydell/elm_win32_x64": "0.19.1-1"
      }
    },
    "node_modules/@lydell/elm_darwin_arm64": {
      "version": "0.19.1-2",
      "resolved": "https://registry.npmjs.org/@lydell/elm_darwin_arm64/-/elm_darwin_arm64-0.19.1-2.tgz",
      "integrity": "sha512-SkOn4Is9P1lTPqrBg2BLOQL5/qOrT0/MZNPPJN0dLMuqY7sl76/5NmzJr2tyENadQXGQrVksy4ITd5UsareNiA==",
      "cpu": [
        "arm64"
      ],
      "dev": true,
      "optional": true,
      "os": [
        "darwin"
      ]
    },
    "node_modules/@lydell/elm_darwin_x64": {
      "version": "0.19.1-2",
      "resolved": "https://registry.npmjs.org/@lydell/elm_darwin_x64/-/elm_darwin_x64-0.19.1-2.tgz",
      "integrity": "sha512-MXfQwxdQfmuQ22iDCFlcXu5YTA0w6/ASzbxmWc+8DkgUkHTynjViGBVkQljAbYe4ZWgrYGWinZQQyhVnp/5oZw==",
      "cpu": [
        "x64"
      ],
      "dev": true,
      "optional": true,
      "os": [
        "darwin"
      ]
    },
    "node_modules/@lydell/elm_linux_arm": {
      "version": "0.19.1-0",
      "resolved": "https://registry.npmjs.org/@lydell/elm_linux_arm/-/elm_linux_arm-0.19.1-0.tgz",
      "integrity": "sha512-crKrLzuT6jn4OOS7PWKZGYFw6vHwPu3iNP7lg8rFkOog/HxlkRwX4S695aILBG8SGTLhEdfP9tg28SQ7vR4Lpg==",
      "cpu": [
        "arm"
      ],
      "dev": true,
      "optional": true,
      "os": [
        "linux"
      ]
    },
    "node_modules/@lydell/elm_linux_arm64": {
      "version": "0.19.1-4",
      "resolved": "https://registry.npmjs.org/@lydell/elm_linux_arm64/-/elm_linux_arm64-0.19.1-4.tgz",
      "integrity": "sha512-JuUkkVBtJjUajtTriQFFANHDmwA14NhqNqgIcq5LCJ6vUQv5/LVd6NUOkl/Rdq7Ju/VN/XwBD1/vm7MGIMOTqA==",
      "cpu": [
        "arm64"
      ],
      "dev": true,
      "optional": true,
      "os": [
        "linux"
      ]
    },
    "node_modules/@lydell/elm_linux_x64": {
      "version": "0.19.1-1",
      "resolved": "https://registry.npmjs.org/@lydell/elm_linux_x64/-/elm_linux_x64-0.19.1-1.tgz",
      "integrity": "sha512-1Y8UAb+GfUqlSjUTX9CaaZhJqvhVcfNbYC0N9AEutlXf1CzFMvF4VsDeZdxzhNI4allPRWBD1IqtdlLhBTFacA==",
      "cpu": [
        "x64"
      ],
      "dev": true,
      "optional": true,
      "os": [
        "linux"
      ]
    },
    "node_modules/@lydell/elm_win32_x64": {
      "version": "0.19.1-1",
      "resolved": "https://registry.npmjs.org/@lydell/elm_win32_x64/-/elm_win32_x64-0.19.1-1.tgz",
      "integrity": "sha512-3LMiJ+uUxDFLNnCd6HBmvVWSjSWjs/Z9dMXZWCMOcw3vrW9iOkRrsNGNxohRXun2YRd8wXOX8/DwVn8i2SJ3KA==",
      "cpu": [
        "x64"
      ],
      "dev": true,
      "optional": true,
      "os": [
        "win32"
      ]
    },
    "node_modules/bats": {
      "version": "1.9.0",
      "resolved": "https://registry.npmjs.org/bats/-/bats-1.9.0.tgz",
      "integrity": "sha512-Z5BJaAmmHv/ujj7obhjEzJ//OL+ZtjVq0iRnHu+2fE9OeUaPMbJpBgYiOdNbDrG3E2hqe84/AXNnS/UiXl/UcA==",
      "dev": true,
      "bin": {
        "bats": "bin/bats"
      }
    },
    "node_modules/graphql": {
      "version": "16.6.0",
      "resolved": "https://registry.npmjs.org/graphql/-/graphql-16.6.0.tgz",
      "integrity": "sha512-KPIBPDlW7NxrbT/eh4qPXz5FiFdL5UbaA0XUNz2Rp3Z3hqBSkbj0GVjwFDztsWVauZUWsbKHgMg++sk8UX0bkw==",
      "engines": {
        "node": "^12.22.0 || ^14.16.0 || ^16.0.0 || >=17.0.0"
      }
    }
  },
  "dependencies": {
    "@lydell/elm": {
      "version": "0.19.1-12",
      "resolved": "https://registry.npmjs.org/@lydell/elm/-/elm-0.19.1-12.tgz",
      "integrity": "sha512-m8Gu/dJ8GcIoOJVN2QE6Km/uLmeHZIa3/VsfzIsi+jM0jHAb3ybxi9xtJXJTdn2wtMoG/y9f3kXGudJ3xMO4Wg==",
      "dev": true,
      "requires": {
        "@lydell/elm_darwin_arm64": "0.19.1-2",
        "@lydell/elm_darwin_x64": "0.19.1-2",
        "@lydell/elm_linux_arm": "0.19.1-0",
        "@lydell/elm_linux_arm64": "0.19.1-4",
        "@lydell/elm_linux_x64": "0.19.1-1",
        "@lydell/elm_win32_x64": "0.19.1-1"
      }
    },
    "@lydell/elm_darwin_arm64": {
      "version": "0.19.1-2",
      "resolved": "https://registry.npmjs.org/@lydell/elm_darwin_arm64/-/elm_darwin_arm64-0.19.1-2.tgz",
      "integrity": "sha512-SkOn4Is9P1lTPqrBg2BLOQL5/qOrT0/MZNPPJN0dLMuqY7sl76/5NmzJr2tyENadQXGQrVksy4ITd5UsareNiA==",
      "dev": true,
      "optional": true
    },
    "@lydell/elm_darwin_x64": {
      "version": "0.19.1-2",
      "resolved": "https://registry.npmjs.org/@lydell/elm_darwin_x64/-/elm_darwin_x64-0.19.1-2.tgz",
      "integrity": "sha512-MXfQwxdQfmuQ22iDCFlcXu5YTA0w6/ASzbxmWc+8DkgUkHTynjViGBVkQljAbYe4ZWgrYGWinZQQyhVnp/5oZw==",
      "dev": true,
      "optional": true
    },
    "@lydell/elm_linux_arm": {
      "version": "0.19.1-0",
      "resolved": "https://registry.npmjs.org/@lydell/elm_linux_arm/-/elm_linux_arm-0.19.1-0.tgz",
      "integrity": "sha512-crKrLzuT6jn4OOS7PWKZGYFw6vHwPu3iNP7lg8rFkOog/HxlkRwX4S695aILBG8SGTLhEdfP9tg28SQ7vR4Lpg==",
      "dev": true,
      "optional": true
    },
    "@lydell/elm_linux_arm64": {
      "version": "0.19.1-4",
      "resolved": "https://registry.npmjs.org/@lydell/elm_linux_arm64/-/elm_linux_arm64-0.19.1-4.tgz",
      "integrity": "sha512-JuUkkVBtJjUajtTriQFFANHDmwA14NhqNqgIcq5LCJ6vUQv5/LVd6NUOkl/Rdq7Ju/VN/XwBD1/vm7MGIMOTqA==",
      "dev": true,
      "optional": true
    },
    "@lydell/elm_linux_x64": {
      "version": "0.19.1-1",
      "resolved": "https://registry.npmjs.org/@lydell/elm_linux_x64/-/elm_linux_x64-0.19.1-1.tgz",
      "integrity": "sha512-1Y8UAb+GfUqlSjUTX9CaaZhJqvhVcfNbYC0N9AEutlXf1CzFMvF4VsDeZdxzhNI4allPRWBD1IqtdlLhBTFacA==",
      "dev": true,
      "optional": true
    },
    "@lydell/elm_win32_x64": {
      "version": "0.19.1-1",
      "resolved": "https://registry.npmjs.org/@lydell/elm_win32_x64/-/elm_win32_x64-0.19.1-1.tgz",
      "integrity": "sha512-3LMiJ+uUxDFLNnCd6HBmvVWSjSWjs/Z9dMXZWCMOcw3vrW9iOkRrsNGNxohRXun2YRd8wXOX8/DwVn8i2SJ3KA==",
      "dev": true,
      "optional": true
    },
    "bats": {
      "version": "1.9.0",
      "resolved": "https://registry.npmjs.org/bats/-/bats-1.9.0.tgz",
      "integrity": "sha512-Z5BJaAmmHv/ujj7obhjEzJ//OL+ZtjVq0iRnHu+2fE9OeUaPMbJpBgYiOdNbDrG3E2hqe84/AXNnS/UiXl/UcA==",
      "dev": true
    },
    "graphql": {
      "version": "16.6.0",
      "resolved": "https://registry.npmjs.org/graphql/-/graphql-16.6.0.tgz",
      "integrity": "sha512-KPIBPDlW7NxrbT/eh4qPXz5FiFdL5UbaA0XUNz2Rp3Z3hqBSkbj0GVjwFDztsWVauZUWsbKHgMg++sk8UX0bkw=="
    }
  }
}
