{
  "name": "07-working-with",
  "version": "1.0.0",
  "lockfileVersion": 2,
  "requires": true,
  "packages": {
    "": {
      "name": "07-working-with",
      "version": "1.0.0",
      "license": "ISC",
      "dependencies": {
        "three": "^0.147.0"
      }
    },
    "node_modules/three": {
      "version": "0.147.0",
      "resolved": "https://registry.npmjs.org/three/-/three-0.147.0.tgz",
      "integrity": "sha512-LPTOslYQXFkmvceQjFTNnVVli2LaVF6C99Pv34fJypp8NbQLbTlu3KinZ0zURghS5zEehK+VQyvWuPZ/Sm8fzw=="
    }
  },
  "dependencies": {
    "three": {
      "version": "0.147.0",
      "resolved": "https://registry.npmjs.org/three/-/three-0.147.0.tgz",
      "integrity": "sha512-LPTOslYQXFkmvceQjFTNnVVli2LaVF6C99Pv34fJypp8NbQLbTlu3KinZ0zURghS5zEehK+VQyvWuPZ/Sm8fzw=="
    }
  }
}
